lockfileVersion: '9.0'

settings:
  autoInstallPeers: true
  excludeLinksFromLockfile: false

importers:

  .:
    dependencies:
      '@fontsource-variable/archivo':
        specifier: 5.2.8
        version: 5.2.8
      playwright-core:
        specifier: 1.56.1
        version: 1.56.1

packages:

  '@fontsource-variable/archivo@5.2.8':
    resolution: {integrity: sha512-R8EotpKHEsKv7d7oiUyjyPENRi2gtAlwdTlzDCOs5BfX/LJP7jvUYJ4fF/qyd3rnbgk3r1xp33g1P57bYJfhzQ==}

  playwright-core@1.56.1:
    resolution: {integrity: sha512-hutraynyn31F+Bifme+Ps9Vq59hKuUCz7H1kDOcBs+2oGguKkWTU50bBWrtz34OUWmIwpBTWDxaRPXrIXkgvmQ==}
    engines: {node: '>=18'}
    hasBin: true

snapshots:

  '@fontsource-variable/archivo@5.2.8': {}

  playwright-core@1.56.1: {}
